
Microsoft Visual Studio Solution File, Format Version 12.00
# Visual Studio Version 16
VisualStudioVersion = 16.0.30225.117
MinimumVisualStudioVersion = 10.0.40219.1
Project("{FAE04EC0-301F-11D3-BF4B-00C04F79EFBC}") = "匿名方法", "匿名方法\匿名方法.csproj", "{90F8B333-E7B2-4CC7-A906-C840F544CAB9}"
EndProject
Global
	GlobalSection(SolutionConfigurationPlatforms) = preSolution
		Debug|Any CPU = Debug|Any CPU
		Release|Any CPU = Release|Any CPU
	EndGlobalSection
	GlobalSection(ProjectConfigurationPlatforms) = postSolution
		{90F8B333-E7B2-4CC7-A906-C840F544CAB9}.Debug|Any CPU.ActiveCfg = Debug|Any CPU
		{90F8B333-E7B2-4CC7-A906-C840F544CAB9}.Debug|Any CPU.Build.0 = Debug|Any CPU
		{90F8B333-E7B2-4CC7-A906-C840F544CAB9}.Release|Any CPU.ActiveCfg = Release|Any CPU
		{90F8B333-E7B2-4CC7-A906-C840F544CAB9}.Release|Any CPU.Build.0 = Release|Any CPU
	EndGlobalSection
	GlobalSection(SolutionProperties) = preSolution
		HideSolutionNode = FALSE
	EndGlobalSection
	GlobalSection(ExtensibilityGlobals) = postSolution
		SolutionGuid = {BDAD9063-877C-4C0E-8FD6-70704D066849}
	EndGlobalSection
EndGlobal
